
Microsoft Visual Studio Solution File, Format Version 12.00
# Visual Studio Version 17
VisualStudioVersion = 17.4.33122.133
MinimumVisualStudioVersion = 10.0.40219.1
Project("{9A19103F-16F7-4668-BE54-9A1E7A4F7556}") = "CommandsService", "CommandsService.csproj", "{8E685E05-9AE4-4664-B97A-E6FF3C9BAFC1}"
EndProject
Global
	GlobalSection(SolutionConfigurationPlatforms) = preSolution
		Debug|Any CPU = Debug|Any CPU
		Release|Any CPU = Release|Any CPU
	EndGlobalSection
	GlobalSection(ProjectConfigurationPlatforms) = postSolution
		{8E685E05-9AE4-4664-B97A-E6FF3C9BAFC1}.Debug|Any CPU.ActiveCfg = Debug|Any CPU
		{8E685E05-9AE4-4664-B97A-E6FF3C9BAFC1}.Debug|Any CPU.Build.0 = Debug|Any CPU
		{8E685E05-9AE4-4664-B97A-E6FF3C9BAFC1}.Release|Any CPU.ActiveCfg = Release|Any CPU
		{8E685E05-9AE4-4664-B97A-E6FF3C9BAFC1}.Release|Any CPU.Build.0 = Release|Any CPU
	EndGlobalSection
	GlobalSection(SolutionProperties) = preSolution
		HideSolutionNode = FALSE
	EndGlobalSection
	GlobalSection(ExtensibilityGlobals) = postSolution
		SolutionGuid = {B04EA58D-2C78-4A87-A3B9-5C76BDCE9C02}
	EndGlobalSection
EndGlobal
